module http-mirror

go 1.21

require (
	github.com/cilium/ebpf v0.12.3
	github.com/spf13/cobra v1.8.0
	golang.org/x/sys v0.15.0
)

require (
	github.com/inconshreveable/mousetrap v1.1.0 // indirect
	github.com/spf13/pflag v1.0.5 // indirect
)

require (
	github.com/cilium/ebpf v0.12.3 h1:62aH/YPfC40/5c0Kf2hL8gQGjR5y8GQJ0gXqKqzq3lE=
	github.com/spf13/cobra v1.8.0 h1:7a4d0iE2aYq5J0vG9CxR7f5e6a2b3c4d5e6f7g8h9i0=
	golang.org/x/sys v0.15.0 h1:h4j0nBFwPWTVhUfNUg9sD3D3sB2h9M3v5L5p7K8j0J9=
	github.com/inconshreveable/mousetrap v1.1.0 h1:1nnpGOrhyZZuNyfu1QjKiUICQ74+3FNCN69Aj6K7nkY=
	github.com/spf13/pflag v1.0.5 h1:iy+VFUOCP1a+8yFto/drg2CadI81u9hhIhuGTSMr9SQ=
)
